{
  "name": "miniprogram-ts-less-quickstart",
  "version": "1.0.0",
  "lockfileVersion": 3,
  "requires": true,
  "packages": {
    "": {
      "name": "miniprogram-ts-less-quickstart",
      "version": "1.0.0",
      "license": "ISC",
      "dependencies": {
        "tdesign-miniprogram": "^1.0.3"
      },
      "devDependencies": {
        "miniprogram-api-typings": "^2.8.3-1"
      }
    },
    "node_modules/dayjs": {
      "version": "1.11.7",
      "resolved": "https://registry.npmjs.org/dayjs/-/dayjs-1.11.7.tgz",
      "integrity": "sha512-+Yw9U6YO5TQohxLcIkrXBeY73WP3ejHWVvx8XCk3gxvQDCTEmS48ZrSZCKciI7Bhl/uCMyxYtE9UqRILmFphkQ=="
    },
    "node_modules/miniprogram-api-typings": {
      "version": "2.12.0",
      "resolved": "https://registry.npmjs.org/miniprogram-api-typings/-/miniprogram-api-typings-2.12.0.tgz",
      "integrity": "sha512-ibvbqeslVFur0IAvTxLMvsbtvVcMo6gwvOnj0YZHV7aeDLu091VQRrETT2QuiG9P6aZWRcxeNGJChRKVPCp9VQ==",
      "dev": true
    },
    "node_modules/tdesign-miniprogram": {
      "version": "1.0.3",
      "resolved": "https://registry.npmjs.org/tdesign-miniprogram/-/tdesign-miniprogram-1.0.3.tgz",
      "integrity": "sha512-20BeTrD4jE6H8A0+K8w9sZ8dfK7sM/DVYeS2EGCars4EJ3n+xTf5XBlzF6CycxApSxBXEoaqDnSgdySmxXcYYQ==",
      "dependencies": {
        "dayjs": "^1.10.7"
      }
    }
  }
}
